
Microsoft Visual Studio Solution File, Format Version 12.00
# Visual Studio 15
VisualStudioVersion = 15.0.26228.13
MinimumVisualStudioVersion = 10.0.40219.1
Project("{FAE04EC0-301F-11D3-BF4B-00C04F79EFBC}") = "PropertyApp", "PropertyApp\PropertyApp.csproj", "{2831BBFC-F331-4481-B2BB-26C403618407}"
EndProject
Project("{FAE04EC0-301F-11D3-BF4B-00C04F79EFBC}") = "ProcessDocument", "ProcessDocument\ProcessDocument.csproj", "{D6E7369B-96DE-4515-8307-61515AA99DE0}"
EndProject
Global
	GlobalSection(SolutionConfigurationPlatforms) = preSolution
		Debug|Any CPU = Debug|Any CPU
		Release|Any CPU = Release|Any CPU
	EndGlobalSection
	GlobalSection(ProjectConfigurationPlatforms) = postSolution
		{2831BBFC-F331-4481-B2BB-26C403618407}.Debug|Any CPU.ActiveCfg = Debug|Any CPU
		{2831BBFC-F331-4481-B2BB-26C403618407}.Debug|Any CPU.Build.0 = Debug|Any CPU
		{2831BBFC-F331-4481-B2BB-26C403618407}.Release|Any CPU.ActiveCfg = Release|Any CPU
		{2831BBFC-F331-4481-B2BB-26C403618407}.Release|Any CPU.Build.0 = Release|Any CPU
		{D6E7369B-96DE-4515-8307-61515AA99DE0}.Debug|Any CPU.ActiveCfg = Debug|Any CPU
		{D6E7369B-96DE-4515-8307-61515AA99DE0}.Debug|Any CPU.Build.0 = Debug|Any CPU
		{D6E7369B-96DE-4515-8307-61515AA99DE0}.Release|Any CPU.ActiveCfg = Release|Any CPU
		{D6E7369B-96DE-4515-8307-61515AA99DE0}.Release|Any CPU.Build.0 = Release|Any CPU
	EndGlobalSection
	GlobalSection(SolutionProperties) = preSolution
		HideSolutionNode = FALSE
	EndGlobalSection
EndGlobal
